
Microsoft Visual Studio Solution File, Format Version 12.00
# Visual Studio Version 17
VisualStudioVersion = 17.1.32407.343
MinimumVisualStudioVersion = 10.0.40219.1
Project("{FAE04EC0-301F-11D3-BF4B-00C04F79EFBC}") = "CommanderShepard", "CommanderShepard\CommanderShepard.csproj", "{A0B69CCA-A41F-4C63-B5F9-BAB631A69BAF}"
EndProject
Global
	GlobalSection(SolutionConfigurationPlatforms) = preSolution
		Debug|Any CPU = Debug|Any CPU
		Release|Any CPU = Release|Any CPU
	EndGlobalSection
	GlobalSection(ProjectConfigurationPlatforms) = postSolution
		{A0B69CCA-A41F-4C63-B5F9-BAB631A69BAF}.Debug|Any CPU.ActiveCfg = Debug|Any CPU
		{A0B69CCA-A41F-4C63-B5F9-BAB631A69BAF}.Debug|Any CPU.Build.0 = Debug|Any CPU
		{A0B69CCA-A41F-4C63-B5F9-BAB631A69BAF}.Release|Any CPU.ActiveCfg = Release|Any CPU
		{A0B69CCA-A41F-4C63-B5F9-BAB631A69BAF}.Release|Any CPU.Build.0 = Release|Any CPU
	EndGlobalSection
	GlobalSection(SolutionProperties) = preSolution
		HideSolutionNode = FALSE
	EndGlobalSection
	GlobalSection(ExtensibilityGlobals) = postSolution
		SolutionGuid = {53333018-9EE1-4E38-AA20-88DF705CAF01}
	EndGlobalSection
EndGlobal
